
Microsoft Visual Studio Solution File, Format Version 12.00
# Visual Studio 15
Project("{FAE04EC0-301F-11D3-BF4B-00C04F79EFBC}") = "Assembly-CSharp", "Assembly-CSharp.csproj", "{4E5EE829-D17B-8FCD-A084-7C0D48B29B62}"
EndProject
Project("{FAE04EC0-301F-11D3-BF4B-00C04F79EFBC}") = "Assembly-CSharp-Editor", "Assembly-CSharp-Editor.csproj", "{AF043B9B-B269-3E34-0B07-B5579A11E4BF}"
EndProject
Global
	GlobalSection(SolutionConfigurationPlatforms) = preSolution
		Debug|Any CPU = Debug|Any CPU
		Release|Any CPU = Release|Any CPU
	EndGlobalSection
	GlobalSection(ProjectConfigurationPlatforms) = postSolution
		{4E5EE829-D17B-8FCD-A084-7C0D48B29B62}.Debug|Any CPU.ActiveCfg = Debug|Any CPU
		{4E5EE829-D17B-8FCD-A084-7C0D48B29B62}.Debug|Any CPU.Build.0 = Debug|Any CPU
		{4E5EE829-D17B-8FCD-A084-7C0D48B29B62}.Release|Any CPU.ActiveCfg = Release|Any CPU
		{4E5EE829-D17B-8FCD-A084-7C0D48B29B62}.Release|Any CPU.Build.0 = Release|Any CPU
		{AF043B9B-B269-3E34-0B07-B5579A11E4BF}.Debug|Any CPU.ActiveCfg = Debug|Any CPU
		{AF043B9B-B269-3E34-0B07-B5579A11E4BF}.Debug|Any CPU.Build.0 = Debug|Any CPU
		{AF043B9B-B269-3E34-0B07-B5579A11E4BF}.Release|Any CPU.ActiveCfg = Release|Any CPU
		{AF043B9B-B269-3E34-0B07-B5579A11E4BF}.Release|Any CPU.Build.0 = Release|Any CPU
	EndGlobalSection
	GlobalSection(SolutionProperties) = preSolution
		HideSolutionNode = FALSE
	EndGlobalSection
EndGlobal
